// !$*UTF8*$!
{
	archiveVersion = 1;
	classes = {
	};
	objectVersion = 56;
	objects = {

/* Begin PBXBuildFile section */
		982DA8F6872204B690DF13F1 /* Pods_ProductListing.framework in Frameworks */ = {isa = PBXBuildFile; fileRef = E5A8D5C250D35E3745916CA1 /* Pods_ProductListing.framework */; };
		9C3E7ECB2AEE12640074C5A6 /* ProductDetailViewController.swift in Sources */ = {isa = PBXBuildFile; fileRef = 9C3E7ECA2AEE12640074C5A6 /* ProductDetailViewController.swift */; };
		9C3E7ECD2AEE170E0074C5A6 /* ProductListRespose.swift in Sources */ = {isa = PBXBuildFile; fileRef = 9C3E7ECC2AEE170E0074C5A6 /* ProductListRespose.swift */; };
		9C3E7ED02AEE17C00074C5A6 /* APIClient.swift in Sources */ = {isa = PBXBuildFile; fileRef = 9C3E7ECF2AEE17C00074C5A6 /* APIClient.swift */; };
		9C3E7ED32AEE181A0074C5A6 /* ProductListViewModel.swift in Sources */ = {isa = PBXBuildFile; fileRef = 9C3E7ED22AEE181A0074C5A6 /* ProductListViewModel.swift */; };
		9C3E7ED62AEE1C7C0074C5A6 /* UIViewController + Extension.swift in Sources */ = {isa = PBXBuildFile; fileRef = 9C3E7ED52AEE1C7C0074C5A6 /* UIViewController + Extension.swift */; };
		9C3E7ED82AEE1CAD0074C5A6 /* Reachability.swift in Sources */ = {isa = PBXBuildFile; fileRef = 9C3E7ED72AEE1CAD0074C5A6 /* Reachability.swift */; };
		9C3E7EDC2AEE33BE0074C5A6 /* UIView + Extension.swift in Sources */ = {isa = PBXBuildFile; fileRef = 9C3E7EDB2AEE33BE0074C5A6 /* UIView + Extension.swift */; };
		9CB5DB3F2AEE0BF300F22C68 /* AppDelegate.swift in Sources */ = {isa = PBXBuildFile; fileRef = 9CB5DB3E2AEE0BF300F22C68 /* AppDelegate.swift */; };
		9CB5DB412AEE0BF300F22C68 /* SceneDelegate.swift in Sources */ = {isa = PBXBuildFile; fileRef = 9CB5DB402AEE0BF300F22C68 /* SceneDelegate.swift */; };
		9CB5DB432AEE0BF300F22C68 /* ViewController.swift in Sources */ = {isa = PBXBuildFile; fileRef = 9CB5DB422AEE0BF300F22C68 /* ViewController.swift */; };
		9CB5DB462AEE0BF300F22C68 /* Main.storyboard in Resources */ = {isa = PBXBuildFile; fileRef = 9CB5DB442AEE0BF300F22C68 /* Main.storyboard */; };
		9CB5DB482AEE0BF400F22C68 /* Assets.xcassets in Resources */ = {isa = PBXBuildFile; fileRef = 9CB5DB472AEE0BF400F22C68 /* Assets.xcassets */; };
		9CB5DB4B2AEE0BF400F22C68 /* LaunchScreen.storyboard in Resources */ = {isa = PBXBuildFile; fileRef = 9CB5DB492AEE0BF400F22C68 /* LaunchScreen.storyboard */; };
/* End PBXBuildFile section */

/* Begin PBXFileReference section */
		2403B71CE7FB05F004C996AA /* Pods-ProductListing.release.xcconfig */ = {isa = PBXFileReference; includeInIndex = 1; lastKnownFileType = text.xcconfig; name = "Pods-ProductListing.release.xcconfig"; path = "Target Support Files/Pods-ProductListing/Pods-ProductListing.release.xcconfig"; sourceTree = "<group>"; };
		83760ADE3EB52B5B0F6648E3 /* Pods-ProductListing.debug.xcconfig */ = {isa = PBXFileReference; includeInIndex = 1; lastKnownFileType = text.xcconfig; name = "Pods-ProductListing.debug.xcconfig"; path = "Target Support Files/Pods-ProductListing/Pods-ProductListing.debug.xcconfig"; sourceTree = "<group>"; };
		9C3E7ECA2AEE12640074C5A6 /* ProductDetailViewController.swift */ = {isa = PBXFileReference; lastKnownFileType = sourcecode.swift; path = ProductDetailViewController.swift; sourceTree = "<group>"; };
		9C3E7ECC2AEE170E0074C5A6 /* ProductListRespose.swift */ = {isa = PBXFileReference; lastKnownFileType = sourcecode.swift; path = ProductListRespose.swift; sourceTree = "<group>"; };
		9C3E7ECF2AEE17C00074C5A6 /* APIClient.swift */ = {isa = PBXFileReference; lastKnownFileType = sourcecode.swift; path = APIClient.swift; sourceTree = "<group>"; };
		9C3E7ED22AEE181A0074C5A6 /* ProductListViewModel.swift */ = {isa = PBXFileReference; lastKnownFileType = sourcecode.swift; path = ProductListViewModel.swift; sourceTree = "<group>"; };
		9C3E7ED52AEE1C7C0074C5A6 /* UIViewController + Extension.swift */ = {isa = PBXFileReference; lastKnownFileType = sourcecode.swift; path = "UIViewController + Extension.swift"; sourceTree = "<group>"; };
		9C3E7ED72AEE1CAD0074C5A6 /* Reachability.swift */ = {isa = PBXFileReference; lastKnownFileType = sourcecode.swift; path = Reachability.swift; sourceTree = "<group>"; };
		9C3E7EDB2AEE33BE0074C5A6 /* UIView + Extension.swift */ = {isa = PBXFileReference; lastKnownFileType = sourcecode.swift; path = "UIView + Extension.swift"; sourceTree = "<group>"; };
		9CB5DB3B2AEE0BF300F22C68 /* ProductListing.app */ = {isa = PBXFileReference; explicitFileType = wrapper.application; includeInIndex = 0; path = ProductListing.app; sourceTree = BUILT_PRODUCTS_DIR; };
		9CB5DB3E2AEE0BF300F22C68 /* AppDelegate.swift */ = {isa = PBXFileReference; lastKnownFileType = sourcecode.swift; path = AppDelegate.swift; sourceTree = "<group>"; };
		9CB5DB402AEE0BF300F22C68 /* SceneDelegate.swift */ = {isa = PBXFileReference; lastKnownFileType = sourcecode.swift; path = SceneDelegate.swift; sourceTree = "<group>"; };
		9CB5DB422AEE0BF300F22C68 /* ViewController.swift */ = {isa = PBXFileReference; lastKnownFileType = sourcecode.swift; path = ViewController.swift; sourceTree = "<group>"; };
		9CB5DB452AEE0BF300F22C68 /* Base */ = {isa = PBXFileReference; lastKnownFileType = file.storyboard; name = Base; path = Base.lproj/Main.storyboard; sourceTree = "<group>"; };
		9CB5DB472AEE0BF400F22C68 /* Assets.xcassets */ = {isa = PBXFileReference; lastKnownFileType = folder.assetcatalog; path = Assets.xcassets; sourceTree = "<group>"; };
		9CB5DB4A2AEE0BF400F22C68 /* Base */ = {isa = PBXFileReference; lastKnownFileType = file.storyboard; name = Base; path = Base.lproj/LaunchScreen.storyboard; sourceTree = "<group>"; };
		9CB5DB4C2AEE0BF400F22C68 /* Info.plist */ = {isa = PBXFileReference; lastKnownFileType = text.plist.xml; path = Info.plist; sourceTree = "<group>"; };
		E5A8D5C250D35E3745916CA1 /* Pods_ProductListing.framework */ = {isa = PBXFileReference; explicitFileType = wrapper.framework; includeInIndex = 0; path = Pods_ProductListing.framework; sourceTree = BUILT_PRODUCTS_DIR; };
/* End PBXFileReference section */

/* Begin PBXFrameworksBuildPhase section */
		9CB5DB382AEE0BF300F22C68 /* Frameworks */ = {
			isa = PBXFrameworksBuildPhase;
			buildActionMask = 2147483647;
			files = (
				982DA8F6872204B690DF13F1 /* Pods_ProductListing.framework in Frameworks */,
			);
			runOnlyForDeploymentPostprocessing = 0;
		};
/* End PBXFrameworksBuildPhase section */

/* Begin PBXGroup section */
		50C408FFF75F1DB73B67D4C8 /* Frameworks */ = {
			isa = PBXGroup;
			children = (
				E5A8D5C250D35E3745916CA1 /* Pods_ProductListing.framework */,
			);
			name = Frameworks;
			sourceTree = "<group>";
		};
		9C3E7ECE2AEE17480074C5A6 /* Model */ = {
			isa = PBXGroup;
			children = (
				9C3E7ECC2AEE170E0074C5A6 /* ProductListRespose.swift */,
			);
			path = Model;
			sourceTree = "<group>";
		};
		9C3E7ED12AEE17C80074C5A6 /* Helper */ = {
			isa = PBXGroup;
			children = (
				9C3E7ECF2AEE17C00074C5A6 /* APIClient.swift */,
				9C3E7ED72AEE1CAD0074C5A6 /* Reachability.swift */,
			);
			path = Helper;
			sourceTree = "<group>";
		};
		9C3E7ED42AEE18210074C5A6 /* ViewModel */ = {
			isa = PBXGroup;
			children = (
				9C3E7ED22AEE181A0074C5A6 /* ProductListViewModel.swift */,
			);
			path = ViewModel;
			sourceTree = "<group>";
		};
		9C3E7ED92AEE1F790074C5A6 /* ProductList Module */ = {
			isa = PBXGroup;
			children = (
				9CB5DB422AEE0BF300F22C68 /* ViewController.swift */,
				9C3E7ECE2AEE17480074C5A6 /* Model */,
				9C3E7ED42AEE18210074C5A6 /* ViewModel */,
			);
			path = "ProductList Module";
			sourceTree = "<group>";
		};
		9C3E7EDA2AEE1F9B0074C5A6 /* ProductDetail Module */ = {
			isa = PBXGroup;
			children = (
				9C3E7ECA2AEE12640074C5A6 /* ProductDetailViewController.swift */,
			);
			path = "ProductDetail Module";
			sourceTree = "<group>";
		};
		9C3E7EDD2AEE33D50074C5A6 /* Extensions */ = {
			isa = PBXGroup;
			children = (
				9C3E7ED52AEE1C7C0074C5A6 /* UIViewController + Extension.swift */,
				9C3E7EDB2AEE33BE0074C5A6 /* UIView + Extension.swift */,
			);
			path = Extensions;
			sourceTree = "<group>";
		};
		9CB5DB322AEE0BF300F22C68 = {
			isa = PBXGroup;
			children = (
				9CB5DB3D2AEE0BF300F22C68 /* ProductListing */,
				9CB5DB3C2AEE0BF300F22C68 /* Products */,
				CE9EA96182DF49B9E7117F6A /* Pods */,
				50C408FFF75F1DB73B67D4C8 /* Frameworks */,
			);
			sourceTree = "<group>";
		};
		9CB5DB3C2AEE0BF300F22C68 /* Products */ = {
			isa = PBXGroup;
			children = (
				9CB5DB3B2AEE0BF300F22C68 /* ProductListing.app */,
			);
			name = Products;
			sourceTree = "<group>";
		};
		9CB5DB3D2AEE0BF300F22C68 /* ProductListing */ = {
			isa = PBXGroup;
			children = (
				9CB5DB3E2AEE0BF300F22C68 /* AppDelegate.swift */,
				9CB5DB402AEE0BF300F22C68 /* SceneDelegate.swift */,
				9C3E7ED92AEE1F790074C5A6 /* ProductList Module */,
				9CB5DB442AEE0BF300F22C68 /* Main.storyboard */,
				9CB5DB472AEE0BF400F22C68 /* Assets.xcassets */,
				9CB5DB492AEE0BF400F22C68 /* LaunchScreen.storyboard */,
				9CB5DB4C2AEE0BF400F22C68 /* Info.plist */,
				9C3E7EDA2AEE1F9B0074C5A6 /* ProductDetail Module */,
				9C3E7EDD2AEE33D50074C5A6 /* Extensions */,
				9C3E7ED12AEE17C80074C5A6 /* Helper */,
			);
			path = ProductListing;
			sourceTree = "<group>";
		};
		CE9EA96182DF49B9E7117F6A /* Pods */ = {
			isa = PBXGroup;
			children = (
				83760ADE3EB52B5B0F6648E3 /* Pods-ProductListing.debug.xcconfig */,
				2403B71CE7FB05F004C996AA /* Pods-ProductListing.release.xcconfig */,
			);
			path = Pods;
			sourceTree = "<group>";
		};
/* End PBXGroup section */

/* Begin PBXNativeTarget section */
		9CB5DB3A2AEE0BF300F22C68 /* ProductListing */ = {
			isa = PBXNativeTarget;
			buildConfigurationList = 9CB5DB4F2AEE0BF400F22C68 /* Build configuration list for PBXNativeTarget "ProductListing" */;
			buildPhases = (
				F39A27CAD530FE4EF347919B /* [CP] Check Pods Manifest.lock */,
				9CB5DB372AEE0BF300F22C68 /* Sources */,
				9CB5DB382AEE0BF300F22C68 /* Frameworks */,
				9CB5DB392AEE0BF300F22C68 /* Resources */,
				E73FD5D6CE7105DD6C32D354 /* [CP] Embed Pods Frameworks */,
			);
			buildRules = (
			);
			dependencies = (
			);
			name = ProductListing;
			productName = ProductListing;
			productReference = 9CB5DB3B2AEE0BF300F22C68 /* ProductListing.app */;
			productType = "com.apple.product-type.application";
		};
/* End PBXNativeTarget section */

/* Begin PBXProject section */
		9CB5DB332AEE0BF300F22C68 /* Project object */ = {
			isa = PBXProject;
			attributes = {
				BuildIndependentTargetsInParallel = 1;
				LastSwiftUpdateCheck = 1500;
				LastUpgradeCheck = 1500;
				TargetAttributes = {
					9CB5DB3A2AEE0BF300F22C68 = {
						CreatedOnToolsVersion = 15.0.1;
					};
				};
			};
			buildConfigurationList = 9CB5DB362AEE0BF300F22C68 /* Build configuration list for PBXProject "ProductListing" */;
			compatibilityVersion = "Xcode 14.0";
			developmentRegion = en;
			hasScannedForEncodings = 0;
			knownRegions = (
				en,
				Base,
			);
			mainGroup = 9CB5DB322AEE0BF300F22C68;
			productRefGroup = 9CB5DB3C2AEE0BF300F22C68 /* Products */;
			projectDirPath = "";
			projectRoot = "";
			targets = (
				9CB5DB3A2AEE0BF300F22C68 /* ProductListing */,
			);
		};
/* End PBXProject section */

/* Begin PBXResourcesBuildPhase section */
		9CB5DB392AEE0BF300F22C68 /* Resources */ = {
			isa = PBXResourcesBuildPhase;
			buildActionMask = 2147483647;
			files = (
				9CB5DB4B2AEE0BF400F22C68 /* LaunchScreen.storyboard in Resources */,
				9CB5DB482AEE0BF400F22C68 /* Assets.xcassets in Resources */,
				9CB5DB462AEE0BF300F22C68 /* Main.storyboard in Resources */,
			);
			runOnlyForDeploymentPostprocessing = 0;
		};
/* End PBXResourcesBuildPhase section */

/* Begin PBXShellScriptBuildPhase section */
		E73FD5D6CE7105DD6C32D354 /* [CP] Embed Pods Frameworks */ = {
			isa = PBXShellScriptBuildPhase;
			buildActionMask = 2147483647;
			files = (
			);
			inputFileListPaths = (
				"${PODS_ROOT}/Target Support Files/Pods-ProductListing/Pods-ProductListing-frameworks-${CONFIGURATION}-input-files.xcfilelist",
			);
			name = "[CP] Embed Pods Frameworks";
			outputFileListPaths = (
				"${PODS_ROOT}/Target Support Files/Pods-ProductListing/Pods-ProductListing-frameworks-${CONFIGURATION}-output-files.xcfilelist",
			);
			runOnlyForDeploymentPostprocessing = 0;
			shellPath = /bin/sh;
			shellScript = "\"${PODS_ROOT}/Target Support Files/Pods-ProductListing/Pods-ProductListing-frameworks.sh\"\n";
			showEnvVarsInLog = 0;
		};
		F39A27CAD530FE4EF347919B /* [CP] Check Pods Manifest.lock */ = {
			isa = PBXShellScriptBuildPhase;
			buildActionMask = 2147483647;
			files = (
			);
			inputFileListPaths = (
			);
			inputPaths = (
				"${PODS_PODFILE_DIR_PATH}/Podfile.lock",
				"${PODS_ROOT}/Manifest.lock",
			);
			name = "[CP] Check Pods Manifest.lock";
			outputFileListPaths = (
			);
			outputPaths = (
				"$(DERIVED_FILE_DIR)/Pods-ProductListing-checkManifestLockResult.txt",
			);
			runOnlyForDeploymentPostprocessing = 0;
			shellPath = /bin/sh;
			shellScript = "diff \"${PODS_PODFILE_DIR_PATH}/Podfile.lock\" \"${PODS_ROOT}/Manifest.lock\" > /dev/null\nif [ $? != 0 ] ; then\n    # print error to STDERR\n    echo \"error: The sandbox is not in sync with the Podfile.lock. Run 'pod install' or update your CocoaPods installation.\" >&2\n    exit 1\nfi\n# This output is used by Xcode 'outputs' to avoid re-running this script phase.\necho \"SUCCESS\" > \"${SCRIPT_OUTPUT_FILE_0}\"\n";
			showEnvVarsInLog = 0;
		};
/* End PBXShellScriptBuildPhase section */

/* Begin PBXSourcesBuildPhase section */
		9CB5DB372AEE0BF300F22C68 /* Sources */ = {
			isa = PBXSourcesBuildPhase;
			buildActionMask = 2147483647;
			files = (
				9C3E7ECD2AEE170E0074C5A6 /* ProductListRespose.swift in Sources */,
				9CB5DB432AEE0BF300F22C68 /* ViewController.swift in Sources */,
				9C3E7ED62AEE1C7C0074C5A6 /* UIViewController + Extension.swift in Sources */,
				9C3E7ECB2AEE12640074C5A6 /* ProductDetailViewController.swift in Sources */,
				9C3E7ED32AEE181A0074C5A6 /* ProductListViewModel.swift in Sources */,
				9C3E7ED82AEE1CAD0074C5A6 /* Reachability.swift in Sources */,
				9CB5DB3F2AEE0BF300F22C68 /* AppDelegate.swift in Sources */,
				9CB5DB412AEE0BF300F22C68 /* SceneDelegate.swift in Sources */,
				9C3E7EDC2AEE33BE0074C5A6 /* UIView + Extension.swift in Sources */,
				9C3E7ED02AEE17C00074C5A6 /* APIClient.swift in Sources */,
			);
			runOnlyForDeploymentPostprocessing = 0;
		};
/* End PBXSourcesBuildPhase section */

/* Begin PBXVariantGroup section */
		9CB5DB442AEE0BF300F22C68 /* Main.storyboard */ = {
			isa = PBXVariantGroup;
			children = (
				9CB5DB452AEE0BF300F22C68 /* Base */,
			);
			name = Main.storyboard;
			sourceTree = "<group>";
		};
		9CB5DB492AEE0BF400F22C68 /* LaunchScreen.storyboard */ = {
			isa = PBXVariantGroup;
			children = (
				9CB5DB4A2AEE0BF400F22C68 /* Base */,
			);
			name = LaunchScreen.storyboard;
			sourceTree = "<group>";
		};
/* End PBXVariantGroup section */

/* Begin XCBuildConfiguration section */
		9CB5DB4D2AEE0BF400F22C68 /* Debug */ = {
			isa = XCBuildConfiguration;
			buildSettings = {
				ALWAYS_SEARCH_USER_PATHS = NO;
				ASSETCATALOG_COMPILER_GENERATE_SWIFT_ASSET_SYMBOL_EXTENSIONS = YES;
				CLANG_ANALYZER_NONNULL = YES;
				CLANG_ANALYZER_NUMBER_OBJECT_CONVERSION = YES_AGGRESSIVE;
				CLANG_CXX_LANGUAGE_STANDARD = "gnu++20";
				CLANG_ENABLE_MODULES = YES;
				CLANG_ENABLE_OBJC_ARC = YES;
				CLANG_ENABLE_OBJC_WEAK = YES;
				CLANG_WARN_BLOCK_CAPTURE_AUTORELEASING = YES;
				CLANG_WARN_BOOL_CONVERSION = YES;
				CLANG_WARN_COMMA = YES;
				CLANG_WARN_CONSTANT_CONVERSION = YES;
				CLANG_WARN_DEPRECATED_OBJC_IMPLEMENTATIONS = YES;
				CLANG_WARN_DIRECT_OBJC_ISA_USAGE = YES_ERROR;
				CLANG_WARN_DOCUMENTATION_COMMENTS = YES;
				CLANG_WARN_EMPTY_BODY = YES;
				CLANG_WARN_ENUM_CONVERSION = YES;
				CLANG_WARN_INFINITE_RECURSION = YES;
				CLANG_WARN_INT_CONVERSION = YES;
				CLANG_WARN_NON_LITERAL_NULL_CONVERSION = YES;
				CLANG_WARN_OBJC_IMPLICIT_RETAIN_SELF = YES;
				CLANG_WARN_OBJC_LITERAL_CONVERSION = YES;
				CLANG_WARN_OBJC_ROOT_CLASS = YES_ERROR;
				CLANG_WARN_QUOTED_INCLUDE_IN_FRAMEWORK_HEADER = YES;
				CLANG_WARN_RANGE_LOOP_ANALYSIS = YES;
				CLANG_WARN_STRICT_PROTOTYPES = YES;
				CLANG_WARN_SUSPICIOUS_MOVE = YES;
				CLANG_WARN_UNGUARDED_AVAILABILITY = YES_AGGRESSIVE;
				CLANG_WARN_UNREACHABLE_CODE = YES;
				CLANG_WARN__DUPLICATE_METHOD_MATCH = YES;
				COPY_PHASE_STRIP = NO;
				DEBUG_INFORMATION_FORMAT = dwarf;
				ENABLE_STRICT_OBJC_MSGSEND = YES;
				ENABLE_TESTABILITY = YES;
				ENABLE_USER_SCRIPT_SANDBOXING = YES;
				GCC_C_LANGUAGE_STANDARD = gnu17;
				GCC_DYNAMIC_NO_PIC = NO;
				GCC_NO_COMMON_BLOCKS = YES;
				GCC_OPTIMIZATION_LEVEL = 0;
				GCC_PREPROCESSOR_DEFINITIONS = (
					"DEBUG=1",
					"$(inherited)",
				);
				GCC_WARN_64_TO_32_BIT_CONVERSION = YES;
				GCC_WARN_ABOUT_RETURN_TYPE = YES_ERROR;
				GCC_WARN_UNDECLARED_SELECTOR = YES;
				GCC_WARN_UNINITIALIZED_AUTOS = YES_AGGRESSIVE;
				GCC_WARN_UNUSED_FUNCTION = YES;
				GCC_WARN_UNUSED_VARIABLE = YES;
				IPHONEOS_DEPLOYMENT_TARGET = 17.0;
				LOCALIZATION_PREFERS_STRING_CATALOGS = YES;
				MTL_ENABLE_DEBUG_INFO = INCLUDE_SOURCE;
				MTL_FAST_MATH = YES;
				ONLY_ACTIVE_ARCH = YES;
				SDKROOT = iphoneos;
				SWIFT_ACTIVE_COMPILATION_CONDITIONS = "DEBUG $(inherited)";
				SWIFT_OPTIMIZATION_LEVEL = "-Onone";
			};
			name = Debug;
		};
		9CB5DB4E2AEE0BF400F22C68 /* Release */ = {
			isa = XCBuildConfiguration;
			buildSettings = {
				ALWAYS_SEARCH_USER_PATHS = NO;
				ASSETCATALOG_COMPILER_GENERATE_SWIFT_ASSET_SYMBOL_EXTENSIONS = YES;
				CLANG_ANALYZER_NONNULL = YES;
				CLANG_ANALYZER_NUMBER_OBJECT_CONVERSION = YES_AGGRESSIVE;
				CLANG_CXX_LANGUAGE_STANDARD = "gnu++20";
				CLANG_ENABLE_MODULES = YES;
				CLANG_ENABLE_OBJC_ARC = YES;
				CLANG_ENABLE_OBJC_WEAK = YES;
				CLANG_WARN_BLOCK_CAPTURE_AUTORELEASING = YES;
				CLANG_WARN_BOOL_CONVERSION = YES;
				CLANG_WARN_COMMA = YES;
				CLANG_WARN_CONSTANT_CONVERSION = YES;
				CLANG_WARN_DEPRECATED_OBJC_IMPLEMENTATIONS = YES;
				CLANG_WARN_DIRECT_OBJC_ISA_USAGE = YES_ERROR;
				CLANG_WARN_DOCUMENTATION_COMMENTS = YES;
				CLANG_WARN_EMPTY_BODY = YES;
				CLANG_WARN_ENUM_CONVERSION = YES;
				CLANG_WARN_INFINITE_RECURSION = YES;
				CLANG_WARN_INT_CONVERSION = YES;
				CLANG_WARN_NON_LITERAL_NULL_CONVERSION = YES;
				CLANG_WARN_OBJC_IMPLICIT_RETAIN_SELF = YES;
				CLANG_WARN_OBJC_LITERAL_CONVERSION = YES;
				CLANG_WARN_OBJC_ROOT_CLASS = YES_ERROR;
				CLANG_WARN_QUOTED_INCLUDE_IN_FRAMEWORK_HEADER = YES;
				CLANG_WARN_RANGE_LOOP_ANALYSIS = YES;
				CLANG_WARN_STRICT_PROTOTYPES = YES;
				CLANG_WARN_SUSPICIOUS_MOVE = YES;
				CLANG_WARN_UNGUARDED_AVAILABILITY = YES_AGGRESSIVE;
				CLANG_WARN_UNREACHABLE_CODE = YES;
				CLANG_WARN__DUPLICATE_METHOD_MATCH = YES;
				COPY_PHASE_STRIP = NO;
				DEBUG_INFORMATION_FORMAT = "dwarf-with-dsym";
				ENABLE_NS_ASSERTIONS = NO;
				ENABLE_STRICT_OBJC_MSGSEND = YES;
				ENABLE_USER_SCRIPT_SANDBOXING = YES;
				GCC_C_LANGUAGE_STANDARD = gnu17;
				GCC_NO_COMMON_BLOCKS = YES;
				GCC_WARN_64_TO_32_BIT_CONVERSION = YES;
				GCC_WARN_ABOUT_RETURN_TYPE = YES_ERROR;
				GCC_WARN_UNDECLARED_SELECTOR = YES;
				GCC_WARN_UNINITIALIZED_AUTOS = YES_AGGRESSIVE;
				GCC_WARN_UNUSED_FUNCTION = YES;
				GCC_WARN_UNUSED_VARIABLE = YES;
				IPHONEOS_DEPLOYMENT_TARGET = 17.0;
				LOCALIZATION_PREFERS_STRING_CATALOGS = YES;
				MTL_ENABLE_DEBUG_INFO = NO;
				MTL_FAST_MATH = YES;
				SDKROOT = iphoneos;
				SWIFT_COMPILATION_MODE = wholemodule;
				VALIDATE_PRODUCT = YES;
			};
			name = Release;
		};
		9CB5DB502AEE0BF400F22C68 /* Debug */ = {
			isa = XCBuildConfiguration;
			baseConfigurationReference = 83760ADE3EB52B5B0F6648E3 /* Pods-ProductListing.debug.xcconfig */;
			buildSettings = {
				ASSETCATALOG_COMPILER_APPICON_NAME = AppIcon;
				ASSETCATALOG_COMPILER_GLOBAL_ACCENT_COLOR_NAME = AccentColor;
				CODE_SIGN_STYLE = Automatic;
				CURRENT_PROJECT_VERSION = 1;
				DEVELOPMENT_TEAM = F4FG29P22D;
				ENABLE_USER_SCRIPT_SANDBOXING = NO;
				GENERATE_INFOPLIST_FILE = YES;
				INFOPLIST_FILE = ProductListing/Info.plist;
				INFOPLIST_KEY_UIApplicationSupportsIndirectInputEvents = YES;
				INFOPLIST_KEY_UILaunchStoryboardName = LaunchScreen;
				INFOPLIST_KEY_UIMainStoryboardFile = Main;
				INFOPLIST_KEY_UISupportedInterfaceOrientations_iPad = "UIInterfaceOrientationPortrait UIInterfaceOrientationPortraitUpsideDown UIInterfaceOrientationLandscapeLeft UIInterfaceOrientationLandscapeRight";
				INFOPLIST_KEY_UISupportedInterfaceOrientations_iPhone = "UIInterfaceOrientationPortrait UIInterfaceOrientationLandscapeLeft UIInterfaceOrientationLandscapeRight";
				LD_RUNPATH_SEARCH_PATHS = (
					"$(inherited)",
					"@executable_path/Frameworks",
				);
				MARKETING_VERSION = 1.0;
				PRODUCT_BUNDLE_IDENTIFIER = com.dobariya.ProductListing;
				PRODUCT_NAME = "$(TARGET_NAME)";
				SWIFT_EMIT_LOC_STRINGS = YES;
				SWIFT_VERSION = 5.0;
				TARGETED_DEVICE_FAMILY = "1,2";
			};
			name = Debug;
		};
		9CB5DB512AEE0BF400F22C68 /* Release */ = {
			isa = XCBuildConfiguration;
			baseConfigurationReference = 2403B71CE7FB05F004C996AA /* Pods-ProductListing.release.xcconfig */;
			buildSettings = {
				ASSETCATALOG_COMPILER_APPICON_NAME = AppIcon;
				ASSETCATALOG_COMPILER_GLOBAL_ACCENT_COLOR_NAME = AccentColor;
				CODE_SIGN_STYLE = Automatic;
				CURRENT_PROJECT_VERSION = 1;
				DEVELOPMENT_TEAM = F4FG29P22D;
				ENABLE_USER_SCRIPT_SANDBOXING = NO;
				GENERATE_INFOPLIST_FILE = YES;
				INFOPLIST_FILE = ProductListing/Info.plist;
				INFOPLIST_KEY_UIApplicationSupportsIndirectInputEvents = YES;
				INFOPLIST_KEY_UILaunchStoryboardName = LaunchScreen;
				INFOPLIST_KEY_UIMainStoryboardFile = Main;
				INFOPLIST_KEY_UISupportedInterfaceOrientations_iPad = "UIInterfaceOrientationPortrait UIInterfaceOrientationPortraitUpsideDown UIInterfaceOrientationLandscapeLeft UIInterfaceOrientationLandscapeRight";
				INFOPLIST_KEY_UISupportedInterfaceOrientations_iPhone = "UIInterfaceOrientationPortrait UIInterfaceOrientationLandscapeLeft UIInterfaceOrientationLandscapeRight";
				LD_RUNPATH_SEARCH_PATHS = (
					"$(inherited)",
					"@executable_path/Frameworks",
				);
				MARKETING_VERSION = 1.0;
				PRODUCT_BUNDLE_IDENTIFIER = com.dobariya.ProductListing;
				PRODUCT_NAME = "$(TARGET_NAME)";
				SWIFT_EMIT_LOC_STRINGS = YES;
				SWIFT_VERSION = 5.0;
				TARGETED_DEVICE_FAMILY = "1,2";
			};
			name = Release;
		};
/* End XCBuildConfiguration section */

/* Begin XCConfigurationList section */
		9CB5DB362AEE0BF300F22C68 /* Build configuration list for PBXProject "ProductListing" */ = {
			isa = XCConfigurationList;
			buildConfigurations = (
				9CB5DB4D2AEE0BF400F22C68 /* Debug */,
				9CB5DB4E2AEE0BF400F22C68 /* Release */,
			);
			defaultConfigurationIsVisible = 0;
			defaultConfigurationName = Release;
		};
		9CB5DB4F2AEE0BF400F22C68 /* Build configuration list for PBXNativeTarget "ProductListing" */ = {
			isa = XCConfigurationList;
			buildConfigurations = (
				9CB5DB502AEE0BF400F22C68 /* Debug */,
				9CB5DB512AEE0BF400F22C68 /* Release */,
			);
			defaultConfigurationIsVisible = 0;
			defaultConfigurationName = Release;
		};
/* End XCConfigurationList section */
	};
	rootObject = 9CB5DB332AEE0BF300F22C68 /* Project object */;
}
